
Microsoft Visual Studio Solution File, Format Version 10.00
# Visual Studio 2008
Project("{FAE04EC0-301F-11D3-BF4B-00C04F79EFBC}") = "Rem2Server", "Rem2Server\Rem2Server.csproj", "{EE9E18AB-87CD-468A-A02C-C37CA88024B1}"
EndProject
Global
	GlobalSection(SolutionConfigurationPlatforms) = preSolution
		Debug|Any CPU = Debug|Any CPU
		Release|Any CPU = Release|Any CPU
	EndGlobalSection
	GlobalSection(ProjectConfigurationPlatforms) = postSolution
		{EE9E18AB-87CD-468A-A02C-C37CA88024B1}.Debug|Any CPU.ActiveCfg = Debug|Any CPU
		{EE9E18AB-87CD-468A-A02C-C37CA88024B1}.Debug|Any CPU.Build.0 = Debug|Any CPU
		{EE9E18AB-87CD-468A-A02C-C37CA88024B1}.Release|Any CPU.ActiveCfg = Release|Any CPU
		{EE9E18AB-87CD-468A-A02C-C37CA88024B1}.Release|Any CPU.Build.0 = Release|Any CPU
	EndGlobalSection
	GlobalSection(SolutionProperties) = preSolution
		HideSolutionNode = FALSE
	EndGlobalSection
EndGlobal
